# THIS IS AN AUTOGENERATED FILE. DO NOT EDIT THIS FILE DIRECTLY.
# yarn lockfile v1


"@prisma/engines@5.1.1":
  version "5.1.1"
  resolved "https://registry.yarnpkg.com/@prisma/engines/-/engines-5.1.1.tgz#9c26d209f93a563e048eab63b1976f222f1707d0"
  integrity sha512-NV/4nVNWFZSJCCIA3HIFJbbDKO/NARc9ej0tX5S9k2EVbkrFJC4Xt9b0u4rNZWL4V+F5LAjvta8vzEUw0rw+HA==

prisma@^5.1.1:
  version "5.1.1"
  resolved "https://registry.yarnpkg.com/prisma/-/prisma-5.1.1.tgz#8f5c0f9467a828746cb94f846d694dc7b7481a9e"
  integrity sha512-WJFG/U7sMmcc6TjJTTifTfpI6Wjoh55xl4AzopVwAdyK68L9/ogNo8QQ2cxuUjJf/Wa82z/uhyh3wMzvRIBphg==
  dependencies:
    "@prisma/engines" "5.1.1"
